
Microsoft Visual Studio Solution File, Format Version 12.00
# Visual Studio Version 17
VisualStudioVersion = 17.6.33815.320
MinimumVisualStudioVersion = 10.0.40219.1
Project("{9A19103F-16F7-4668-BE54-9A1E7A4F7556}") = "Fibonacci", "Fibonacci\Fibonacci.csproj", "{525A7697-C372-4C2E-BD87-2255E2F2C262}"
EndProject
Project("{9A19103F-16F7-4668-BE54-9A1E7A4F7556}") = "Pascal", "Pascal\Pascal.csproj", "{A4CB672F-EAAB-4DF2-A4C7-889AB59CBD25}"
EndProject
Project("{9A19103F-16F7-4668-BE54-9A1E7A4F7556}") = "VillogoGomb", "VillogoGomb\VillogoGomb.csproj", "{A27CC2BC-E7ED-404C-9428-DDF5CEE8E178}"
EndProject
Project("{9A19103F-16F7-4668-BE54-9A1E7A4F7556}") = "RandomGyak", "RandomGyak\RandomGyak.csproj", "{50F78B2F-62D9-479D-B020-9BEAA2AFCE82}"
EndProject
Project("{9A19103F-16F7-4668-BE54-9A1E7A4F7556}") = "HajósTeszt", "HajósTeszt\HajósTeszt.csproj", "{110615B8-359A-44BC-866F-E6EEFA5936B6}"
EndProject
Project("{9A19103F-16F7-4668-BE54-9A1E7A4F7556}") = "Snake", "Snake\Snake.csproj", "{342EC277-9A11-4C90-A902-E242D118581F}"
EndProject
Project("{FAE04EC0-301F-11D3-BF4B-00C04F79EFBC}") = "Adatkotes", "Adatkotes\Adatkotes.csproj", "{B8302C17-6CA7-4365-A9A4-75476C206CF9}"
EndProject
Global
	GlobalSection(SolutionConfigurationPlatforms) = preSolution
		Debug|Any CPU = Debug|Any CPU
		Release|Any CPU = Release|Any CPU
	EndGlobalSection
	GlobalSection(ProjectConfigurationPlatforms) = postSolution
		{525A7697-C372-4C2E-BD87-2255E2F2C262}.Debug|Any CPU.ActiveCfg = Debug|Any CPU
		{525A7697-C372-4C2E-BD87-2255E2F2C262}.Debug|Any CPU.Build.0 = Debug|Any CPU
		{525A7697-C372-4C2E-BD87-2255E2F2C262}.Release|Any CPU.ActiveCfg = Release|Any CPU
		{525A7697-C372-4C2E-BD87-2255E2F2C262}.Release|Any CPU.Build.0 = Release|Any CPU
		{A4CB672F-EAAB-4DF2-A4C7-889AB59CBD25}.Debug|Any CPU.ActiveCfg = Debug|Any CPU
		{A4CB672F-EAAB-4DF2-A4C7-889AB59CBD25}.Debug|Any CPU.Build.0 = Debug|Any CPU
		{A4CB672F-EAAB-4DF2-A4C7-889AB59CBD25}.Release|Any CPU.ActiveCfg = Release|Any CPU
		{A4CB672F-EAAB-4DF2-A4C7-889AB59CBD25}.Release|Any CPU.Build.0 = Release|Any CPU
		{A27CC2BC-E7ED-404C-9428-DDF5CEE8E178}.Debug|Any CPU.ActiveCfg = Debug|Any CPU
		{A27CC2BC-E7ED-404C-9428-DDF5CEE8E178}.Debug|Any CPU.Build.0 = Debug|Any CPU
		{A27CC2BC-E7ED-404C-9428-DDF5CEE8E178}.Release|Any CPU.ActiveCfg = Release|Any CPU
		{A27CC2BC-E7ED-404C-9428-DDF5CEE8E178}.Release|Any CPU.Build.0 = Release|Any CPU
		{50F78B2F-62D9-479D-B020-9BEAA2AFCE82}.Debug|Any CPU.ActiveCfg = Debug|Any CPU
		{50F78B2F-62D9-479D-B020-9BEAA2AFCE82}.Debug|Any CPU.Build.0 = Debug|Any CPU
		{50F78B2F-62D9-479D-B020-9BEAA2AFCE82}.Release|Any CPU.ActiveCfg = Release|Any CPU
		{50F78B2F-62D9-479D-B020-9BEAA2AFCE82}.Release|Any CPU.Build.0 = Release|Any CPU
		{110615B8-359A-44BC-866F-E6EEFA5936B6}.Debug|Any CPU.ActiveCfg = Debug|Any CPU
		{110615B8-359A-44BC-866F-E6EEFA5936B6}.Debug|Any CPU.Build.0 = Debug|Any CPU
		{110615B8-359A-44BC-866F-E6EEFA5936B6}.Release|Any CPU.ActiveCfg = Release|Any CPU
		{110615B8-359A-44BC-866F-E6EEFA5936B6}.Release|Any CPU.Build.0 = Release|Any CPU
		{342EC277-9A11-4C90-A902-E242D118581F}.Debug|Any CPU.ActiveCfg = Debug|Any CPU
		{342EC277-9A11-4C90-A902-E242D118581F}.Debug|Any CPU.Build.0 = Debug|Any CPU
		{342EC277-9A11-4C90-A902-E242D118581F}.Release|Any CPU.ActiveCfg = Release|Any CPU
		{342EC277-9A11-4C90-A902-E242D118581F}.Release|Any CPU.Build.0 = Release|Any CPU
		{B8302C17-6CA7-4365-A9A4-75476C206CF9}.Debug|Any CPU.ActiveCfg = Debug|Any CPU
		{B8302C17-6CA7-4365-A9A4-75476C206CF9}.Debug|Any CPU.Build.0 = Debug|Any CPU
		{B8302C17-6CA7-4365-A9A4-75476C206CF9}.Release|Any CPU.ActiveCfg = Release|Any CPU
		{B8302C17-6CA7-4365-A9A4-75476C206CF9}.Release|Any CPU.Build.0 = Release|Any CPU
	EndGlobalSection
	GlobalSection(SolutionProperties) = preSolution
		HideSolutionNode = FALSE
	EndGlobalSection
	GlobalSection(ExtensibilityGlobals) = postSolution
		SolutionGuid = {AE008446-91EC-4EE2-93D4-E24CB1CD8EEA}
	EndGlobalSection
EndGlobal
